{
  "name": "pyro-bot",
  "version": "1.1.0",
  "lockfileVersion": 1,
  "requires": true,
  "dependencies": {
    "async-limiter": {
      "version": "1.0.0",
      "resolved": "https://registry.npmjs.org/async-limiter/-/async-limiter-1.0.0.tgz",
      "integrity": "sha512-jp/uFnooOiO+L211eZOoSyzpOITMXx1rBITauYykG3BRYPu8h0UcxsPNB04RR5vo4Tyz3+ay17tR6JVf9qzYWg=="
    },
    "eris": {
      "version": "github:abalabahaha/eris#968614b43c451ef9d1ed9703f81edf1f4ee5007c",
      "requires": {
        "opusscript": "0.0.4",
        "tweetnacl": "1.0.0",
        "ws": "6.0.0"
      }
    },
    "opusscript": {
      "version": "0.0.4",
      "resolved": "https://registry.npmjs.org/opusscript/-/opusscript-0.0.4.tgz",
      "integrity": "sha512-bEPZFE2lhUJYQD5yfTFO4RhbRZ937x6hRwBC1YoGacT35bwDVwKFP1+amU8NYfZL/v4EU7ZTU3INTqzYAnuP7Q==",
      "optional": true
    },
    "process-as-promised": {
      "version": "1.0.1",
      "resolved": "https://registry.npmjs.org/process-as-promised/-/process-as-promised-1.0.1.tgz",
      "integrity": "sha1-5ASv/JQv6Tqzo3K4UadGUexUdyQ="
    },
    "tweetnacl": {
      "version": "1.0.0",
      "resolved": "https://registry.npmjs.org/tweetnacl/-/tweetnacl-1.0.0.tgz",
      "integrity": "sha1-cT2LgY2kIGh0C/aDhtBHnmb8ins=",
      "optional": true
    },
    "ws": {
      "version": "6.0.0",
      "resolved": "https://registry.npmjs.org/ws/-/ws-6.0.0.tgz",
      "integrity": "sha512-c2UlYcAZp1VS8AORtpq6y4RJIkJ9dQz18W32SpR/qXGfLDZ2jU4y4wKvvZwqbi7U6gxFQTeE+urMbXU/tsDy4w==",
      "requires": {
        "async-limiter": "1.0.0"
      }
    }
  }
}
